
Microsoft Visual Studio Solution File, Format Version 12.00
# Visual Studio Version 17
VisualStudioVersion = 17.3.32825.248
MinimumVisualStudioVersion = 10.0.40219.1
Project("{FAE04EC0-301F-11D3-BF4B-00C04F79EFBC}") = "D1GPB4_HFT_2022232.Client", "D1GPB4_HFT_2022232.Client\D1GPB4_HFT_2022232.Client.csproj", "{30F022BA-B0EF-4729-8F61-623EF1AB3EFA}"
EndProject
Project("{FAE04EC0-301F-11D3-BF4B-00C04F79EFBC}") = "D1GPB4_HFT_2022232.Repository", "D1GPB4_HFT_2022232.Repository\D1GPB4_HFT_2022232.Repository.csproj", "{5EC95407-FE4F-4A53-9613-60B75C349D33}"
EndProject
Project("{FAE04EC0-301F-11D3-BF4B-00C04F79EFBC}") = "D1GPB4_HFT_2022232.Logic", "D1GPB4_HFT_2022232.Logic\D1GPB4_HFT_2022232.Logic.csproj", "{F34C7C18-1B8C-45E3-AF73-F0136A6C224C}"
EndProject
Project("{FAE04EC0-301F-11D3-BF4B-00C04F79EFBC}") = "D1GPB4_HFT_2022232.Models", "D1GPB4_HFT_2022232.Models\D1GPB4_HFT_2022232.Models.csproj", "{2392A671-597E-49A5-A2C6-E466DF21536C}"
EndProject
Project("{FAE04EC0-301F-11D3-BF4B-00C04F79EFBC}") = "D1GPB4_HFT_2022232.Test", "D1GPB4_HFT_2022232.Test\D1GPB4_HFT_2022232.Test.csproj", "{70A0C2B0-E937-4F29-BE5A-185A233379E6}"
EndProject
Project("{FAE04EC0-301F-11D3-BF4B-00C04F79EFBC}") = "D1GPB4_HFT_2022232.Endpoint", "D1GPB4_HFT_2022232.Endpoint\D1GPB4_HFT_2022232.Endpoint.csproj", "{D04210C1-4C41-4F61-9016-C0E0D4F69987}"
EndProject
Global
	GlobalSection(SolutionConfigurationPlatforms) = preSolution
		Debug|Any CPU = Debug|Any CPU
		Release|Any CPU = Release|Any CPU
	EndGlobalSection
	GlobalSection(ProjectConfigurationPlatforms) = postSolution
		{30F022BA-B0EF-4729-8F61-623EF1AB3EFA}.Debug|Any CPU.ActiveCfg = Debug|Any CPU
		{30F022BA-B0EF-4729-8F61-623EF1AB3EFA}.Debug|Any CPU.Build.0 = Debug|Any CPU
		{30F022BA-B0EF-4729-8F61-623EF1AB3EFA}.Release|Any CPU.ActiveCfg = Release|Any CPU
		{30F022BA-B0EF-4729-8F61-623EF1AB3EFA}.Release|Any CPU.Build.0 = Release|Any CPU
		{5EC95407-FE4F-4A53-9613-60B75C349D33}.Debug|Any CPU.ActiveCfg = Debug|Any CPU
		{5EC95407-FE4F-4A53-9613-60B75C349D33}.Debug|Any CPU.Build.0 = Debug|Any CPU
		{5EC95407-FE4F-4A53-9613-60B75C349D33}.Release|Any CPU.ActiveCfg = Release|Any CPU
		{5EC95407-FE4F-4A53-9613-60B75C349D33}.Release|Any CPU.Build.0 = Release|Any CPU
		{F34C7C18-1B8C-45E3-AF73-F0136A6C224C}.Debug|Any CPU.ActiveCfg = Debug|Any CPU
		{F34C7C18-1B8C-45E3-AF73-F0136A6C224C}.Debug|Any CPU.Build.0 = Debug|Any CPU
		{F34C7C18-1B8C-45E3-AF73-F0136A6C224C}.Release|Any CPU.ActiveCfg = Release|Any CPU
		{F34C7C18-1B8C-45E3-AF73-F0136A6C224C}.Release|Any CPU.Build.0 = Release|Any CPU
		{2392A671-597E-49A5-A2C6-E466DF21536C}.Debug|Any CPU.ActiveCfg = Debug|Any CPU
		{2392A671-597E-49A5-A2C6-E466DF21536C}.Debug|Any CPU.Build.0 = Debug|Any CPU
		{2392A671-597E-49A5-A2C6-E466DF21536C}.Release|Any CPU.ActiveCfg = Release|Any CPU
		{2392A671-597E-49A5-A2C6-E466DF21536C}.Release|Any CPU.Build.0 = Release|Any CPU
		{70A0C2B0-E937-4F29-BE5A-185A233379E6}.Debug|Any CPU.ActiveCfg = Debug|Any CPU
		{70A0C2B0-E937-4F29-BE5A-185A233379E6}.Debug|Any CPU.Build.0 = Debug|Any CPU
		{70A0C2B0-E937-4F29-BE5A-185A233379E6}.Release|Any CPU.ActiveCfg = Release|Any CPU
		{70A0C2B0-E937-4F29-BE5A-185A233379E6}.Release|Any CPU.Build.0 = Release|Any CPU
		{D04210C1-4C41-4F61-9016-C0E0D4F69987}.Debug|Any CPU.ActiveCfg = Debug|Any CPU
		{D04210C1-4C41-4F61-9016-C0E0D4F69987}.Debug|Any CPU.Build.0 = Debug|Any CPU
		{D04210C1-4C41-4F61-9016-C0E0D4F69987}.Release|Any CPU.ActiveCfg = Release|Any CPU
		{D04210C1-4C41-4F61-9016-C0E0D4F69987}.Release|Any CPU.Build.0 = Release|Any CPU
	EndGlobalSection
	GlobalSection(SolutionProperties) = preSolution
		HideSolutionNode = FALSE
	EndGlobalSection
	GlobalSection(ExtensibilityGlobals) = postSolution
		SolutionGuid = {5DDF575F-02D4-4A42-B3C4-8E77745D7A3B}
	EndGlobalSection
EndGlobal
